<?xml version="1.0" encoding="utf-8"?>
<Project ToolsVersion="4.0" xmlns="http://schemas.microsoft.com/developer/msbuild/2003">
  <ItemGroup>
    <ClCompile Include="main.cpp" />
    <ClCompile Include="SquareDisplay.cpp">
      <Filter>Fichiers sources</Filter>
    </ClCompile>
    <ClCompile Include="PointsDisplay.cpp">
      <Filter>Fichiers sources</Filter>
    </ClCompile>
  </ItemGroup>
  <ItemGroup>
    <ClInclude Include="SquareDisplay.h">
      <Filter>Fichiers d%27en-tête</Filter>
    </ClInclude>
    <ClInclude Include="PointsDisplay.h">
      <Filter>Fichiers d%27en-tête</Filter>
    </ClInclude>
  </ItemGroup>
  <ItemGroup>
    <Filter Include="Fichiers d%27en-tête">
      <UniqueIdentifier>{09aff71b-f7db-4655-964b-1059414ce383}</UniqueIdentifier>
    </Filter>
    <Filter Include="Fichiers sources">
      <UniqueIdentifier>{beaefca1-f006-4a52-8b01-b3681f75308e}</UniqueIdentifier>
    </Filter>
  </ItemGroup>
</Project>